
Microsoft Visual Studio Solution File, Format Version 12.00
# Visual Studio 15
VisualStudioVersion = 15.0.26730.16
MinimumVisualStudioVersion = 10.0.40219.1
Project("{FAE04EC0-301F-11D3-BF4B-00C04F79EFBC}") = "TheGuardianProject.UWP", "TheGuardianProject\TheGuardianProject.UWP\TheGuardianProject.UWP.csproj", "{CE1FE830-7F74-4CEE-8EDE-CD4213E6C711}"
EndProject
Project("{FAE04EC0-301F-11D3-BF4B-00C04F79EFBC}") = "TheGuardianProject.Core", "TheGuardianProject\TheGuardianProject.Core\TheGuardianProject.Core.csproj", "{6296F3A3-34E6-40B5-A4CD-BE9F0AFEE67D}"
EndProject
Global
	GlobalSection(SolutionConfigurationPlatforms) = preSolution
		Debug|Any CPU = Debug|Any CPU
		Debug|ARM = Debug|ARM
		Debug|x64 = Debug|x64
		Debug|x86 = Debug|x86
		Release|Any CPU = Release|Any CPU
		Release|ARM = Release|ARM
		Release|x64 = Release|x64
		Release|x86 = Release|x86
	EndGlobalSection
	GlobalSection(ProjectConfigurationPlatforms) = postSolution
		{CE1FE830-7F74-4CEE-8EDE-CD4213E6C711}.Debug|Any CPU.ActiveCfg = Debug|x86
		{CE1FE830-7F74-4CEE-8EDE-CD4213E6C711}.Debug|ARM.ActiveCfg = Debug|ARM
		{CE1FE830-7F74-4CEE-8EDE-CD4213E6C711}.Debug|ARM.Build.0 = Debug|ARM
		{CE1FE830-7F74-4CEE-8EDE-CD4213E6C711}.Debug|ARM.Deploy.0 = Debug|ARM
		{CE1FE830-7F74-4CEE-8EDE-CD4213E6C711}.Debug|x64.ActiveCfg = Debug|x64
		{CE1FE830-7F74-4CEE-8EDE-CD4213E6C711}.Debug|x64.Build.0 = Debug|x64
		{CE1FE830-7F74-4CEE-8EDE-CD4213E6C711}.Debug|x64.Deploy.0 = Debug|x64
		{CE1FE830-7F74-4CEE-8EDE-CD4213E6C711}.Debug|x86.ActiveCfg = Debug|x86
		{CE1FE830-7F74-4CEE-8EDE-CD4213E6C711}.Debug|x86.Build.0 = Debug|x86
		{CE1FE830-7F74-4CEE-8EDE-CD4213E6C711}.Debug|x86.Deploy.0 = Debug|x86
		{CE1FE830-7F74-4CEE-8EDE-CD4213E6C711}.Release|Any CPU.ActiveCfg = Release|x86
		{CE1FE830-7F74-4CEE-8EDE-CD4213E6C711}.Release|ARM.ActiveCfg = Release|ARM
		{CE1FE830-7F74-4CEE-8EDE-CD4213E6C711}.Release|ARM.Build.0 = Release|ARM
		{CE1FE830-7F74-4CEE-8EDE-CD4213E6C711}.Release|ARM.Deploy.0 = Release|ARM
		{CE1FE830-7F74-4CEE-8EDE-CD4213E6C711}.Release|x64.ActiveCfg = Release|x64
		{CE1FE830-7F74-4CEE-8EDE-CD4213E6C711}.Release|x64.Build.0 = Release|x64
		{CE1FE830-7F74-4CEE-8EDE-CD4213E6C711}.Release|x64.Deploy.0 = Release|x64
		{CE1FE830-7F74-4CEE-8EDE-CD4213E6C711}.Release|x86.ActiveCfg = Release|x86
		{CE1FE830-7F74-4CEE-8EDE-CD4213E6C711}.Release|x86.Build.0 = Release|x86
		{CE1FE830-7F74-4CEE-8EDE-CD4213E6C711}.Release|x86.Deploy.0 = Release|x86
		{6296F3A3-34E6-40B5-A4CD-BE9F0AFEE67D}.Debug|Any CPU.ActiveCfg = Debug|Any CPU
		{6296F3A3-34E6-40B5-A4CD-BE9F0AFEE67D}.Debug|Any CPU.Build.0 = Debug|Any CPU
		{6296F3A3-34E6-40B5-A4CD-BE9F0AFEE67D}.Debug|ARM.ActiveCfg = Debug|Any CPU
		{6296F3A3-34E6-40B5-A4CD-BE9F0AFEE67D}.Debug|ARM.Build.0 = Debug|Any CPU
		{6296F3A3-34E6-40B5-A4CD-BE9F0AFEE67D}.Debug|x64.ActiveCfg = Debug|Any CPU
		{6296F3A3-34E6-40B5-A4CD-BE9F0AFEE67D}.Debug|x64.Build.0 = Debug|Any CPU
		{6296F3A3-34E6-40B5-A4CD-BE9F0AFEE67D}.Debug|x86.ActiveCfg = Debug|Any CPU
		{6296F3A3-34E6-40B5-A4CD-BE9F0AFEE67D}.Debug|x86.Build.0 = Debug|Any CPU
		{6296F3A3-34E6-40B5-A4CD-BE9F0AFEE67D}.Release|Any CPU.ActiveCfg = Release|Any CPU
		{6296F3A3-34E6-40B5-A4CD-BE9F0AFEE67D}.Release|Any CPU.Build.0 = Release|Any CPU
		{6296F3A3-34E6-40B5-A4CD-BE9F0AFEE67D}.Release|ARM.ActiveCfg = Release|Any CPU
		{6296F3A3-34E6-40B5-A4CD-BE9F0AFEE67D}.Release|ARM.Build.0 = Release|Any CPU
		{6296F3A3-34E6-40B5-A4CD-BE9F0AFEE67D}.Release|x64.ActiveCfg = Release|Any CPU
		{6296F3A3-34E6-40B5-A4CD-BE9F0AFEE67D}.Release|x64.Build.0 = Release|Any CPU
		{6296F3A3-34E6-40B5-A4CD-BE9F0AFEE67D}.Release|x86.ActiveCfg = Release|Any CPU
		{6296F3A3-34E6-40B5-A4CD-BE9F0AFEE67D}.Release|x86.Build.0 = Release|Any CPU
	EndGlobalSection
	GlobalSection(SolutionProperties) = preSolution
		HideSolutionNode = FALSE
	EndGlobalSection
	GlobalSection(ExtensibilityGlobals) = postSolution
		SolutionGuid = {ACEA1A70-0501-4126-8768-88A96F082BA5}
	EndGlobalSection
EndGlobal
